// !$*UTF8*$!
{
	archiveVersion = 1;
	classes = {
	};
	objectVersion = 56;
	objects = {

/* Begin PBXBuildFile section */
		A3CE621C2BD5365600726A56 /* AppDelegate.swift in Sources */ = {isa = PBXBuildFile; fileRef = A3CE621B2BD5365600726A56 /* AppDelegate.swift */; };
		A3CE621E2BD5365600726A56 /* SceneDelegate.swift in Sources */ = {isa = PBXBuildFile; fileRef = A3CE621D2BD5365600726A56 /* SceneDelegate.swift */; };
		A3CE62252BD5365800726A56 /* Assets.xcassets in Resources */ = {isa = PBXBuildFile; fileRef = A3CE62242BD5365800726A56 /* Assets.xcassets */; };
		A3CE62282BD5365800726A56 /* LaunchScreen.storyboard in Resources */ = {isa = PBXBuildFile; fileRef = A3CE62262BD5365800726A56 /* LaunchScreen.storyboard */; };
		A3CE62332BD5365900726A56 /* CleanArchitectureTests.swift in Sources */ = {isa = PBXBuildFile; fileRef = A3CE62322BD5365900726A56 /* CleanArchitectureTests.swift */; };
		A3CE623D2BD5365900726A56 /* CleanArchitectureUITests.swift in Sources */ = {isa = PBXBuildFile; fileRef = A3CE623C2BD5365900726A56 /* CleanArchitectureUITests.swift */; };
		A3CE623F2BD5365900726A56 /* CleanArchitectureUITestsLaunchTests.swift in Sources */ = {isa = PBXBuildFile; fileRef = A3CE623E2BD5365900726A56 /* CleanArchitectureUITestsLaunchTests.swift */; };
		A3CE62512BD5519A00726A56 /* Coordinator.swift in Sources */ = {isa = PBXBuildFile; fileRef = A3CE62502BD5519A00726A56 /* Coordinator.swift */; };
		A3CE62532BD551B900726A56 /* AppCoordinator.swift in Sources */ = {isa = PBXBuildFile; fileRef = A3CE62522BD551B900726A56 /* AppCoordinator.swift */; };
		A3CE62562BD5527200726A56 /* DependenciesContainer.swift in Sources */ = {isa = PBXBuildFile; fileRef = A3CE62552BD5527200726A56 /* DependenciesContainer.swift */; };
		A3CE62592BD5876300726A56 /* HomeViewController.swift in Sources */ = {isa = PBXBuildFile; fileRef = A3CE62582BD5876300726A56 /* HomeViewController.swift */; };
		A3CE625B2BD5877500726A56 /* HomeViewModel.swift in Sources */ = {isa = PBXBuildFile; fileRef = A3CE625A2BD5877500726A56 /* HomeViewModel.swift */; };
		A3CE625D2BD5878300726A56 /* HomeView.swift in Sources */ = {isa = PBXBuildFile; fileRef = A3CE625C2BD5878300726A56 /* HomeView.swift */; };
		A3CE625F2BD59E2200726A56 /* HomeViewCoordinator.swift in Sources */ = {isa = PBXBuildFile; fileRef = A3CE625E2BD59E2200726A56 /* HomeViewCoordinator.swift */; };
		A3CE62612BD59E9100726A56 /* HomeViewModelType.swift in Sources */ = {isa = PBXBuildFile; fileRef = A3CE62602BD59E9100726A56 /* HomeViewModelType.swift */; };
		A3CE62642BD5AF6500726A56 /* HomeViewRepositoryType.swift in Sources */ = {isa = PBXBuildFile; fileRef = A3CE62632BD5AF6500726A56 /* HomeViewRepositoryType.swift */; };
		A3CE62692BD5B21D00726A56 /* HomeViewUseCase.swift in Sources */ = {isa = PBXBuildFile; fileRef = A3CE62682BD5B21D00726A56 /* HomeViewUseCase.swift */; };
		A3CE626C2BD5B7D700726A56 /* HomeViewRepository.swift in Sources */ = {isa = PBXBuildFile; fileRef = A3CE626B2BD5B7D700726A56 /* HomeViewRepository.swift */; };
/* End PBXBuildFile section */

/* Begin PBXContainerItemProxy section */
		A3CE622F2BD5365900726A56 /* PBXContainerItemProxy */ = {
			isa = PBXContainerItemProxy;
			containerPortal = A3CE62102BD5365600726A56 /* Project object */;
			proxyType = 1;
			remoteGlobalIDString = A3CE62172BD5365600726A56;
			remoteInfo = CleanArchitecture;
		};
		A3CE62392BD5365900726A56 /* PBXContainerItemProxy */ = {
			isa = PBXContainerItemProxy;
			containerPortal = A3CE62102BD5365600726A56 /* Project object */;
			proxyType = 1;
			remoteGlobalIDString = A3CE62172BD5365600726A56;
			remoteInfo = CleanArchitecture;
		};
/* End PBXContainerItemProxy section */

/* Begin PBXFileReference section */
		A3CE62182BD5365600726A56 /* CleanArchitecture.app */ = {isa = PBXFileReference; explicitFileType = wrapper.application; includeInIndex = 0; path = CleanArchitecture.app; sourceTree = BUILT_PRODUCTS_DIR; };
		A3CE621B2BD5365600726A56 /* AppDelegate.swift */ = {isa = PBXFileReference; lastKnownFileType = sourcecode.swift; path = AppDelegate.swift; sourceTree = "<group>"; };
		A3CE621D2BD5365600726A56 /* SceneDelegate.swift */ = {isa = PBXFileReference; lastKnownFileType = sourcecode.swift; path = SceneDelegate.swift; sourceTree = "<group>"; };
		A3CE62242BD5365800726A56 /* Assets.xcassets */ = {isa = PBXFileReference; lastKnownFileType = folder.assetcatalog; path = Assets.xcassets; sourceTree = "<group>"; };
		A3CE62272BD5365800726A56 /* Base */ = {isa = PBXFileReference; lastKnownFileType = file.storyboard; name = Base; path = Base.lproj/LaunchScreen.storyboard; sourceTree = "<group>"; };
		A3CE62292BD5365800726A56 /* Info.plist */ = {isa = PBXFileReference; lastKnownFileType = text.plist.xml; path = Info.plist; sourceTree = "<group>"; };
		A3CE622E2BD5365900726A56 /* CleanArchitectureTests.xctest */ = {isa = PBXFileReference; explicitFileType = wrapper.cfbundle; includeInIndex = 0; path = CleanArchitectureTests.xctest; sourceTree = BUILT_PRODUCTS_DIR; };
		A3CE62322BD5365900726A56 /* CleanArchitectureTests.swift */ = {isa = PBXFileReference; lastKnownFileType = sourcecode.swift; path = CleanArchitectureTests.swift; sourceTree = "<group>"; };
		A3CE62382BD5365900726A56 /* CleanArchitectureUITests.xctest */ = {isa = PBXFileReference; explicitFileType = wrapper.cfbundle; includeInIndex = 0; path = CleanArchitectureUITests.xctest; sourceTree = BUILT_PRODUCTS_DIR; };
		A3CE623C2BD5365900726A56 /* CleanArchitectureUITests.swift */ = {isa = PBXFileReference; lastKnownFileType = sourcecode.swift; path = CleanArchitectureUITests.swift; sourceTree = "<group>"; };
		A3CE623E2BD5365900726A56 /* CleanArchitectureUITestsLaunchTests.swift */ = {isa = PBXFileReference; lastKnownFileType = sourcecode.swift; path = CleanArchitectureUITestsLaunchTests.swift; sourceTree = "<group>"; };
		A3CE62502BD5519A00726A56 /* Coordinator.swift */ = {isa = PBXFileReference; lastKnownFileType = sourcecode.swift; path = Coordinator.swift; sourceTree = "<group>"; };
		A3CE62522BD551B900726A56 /* AppCoordinator.swift */ = {isa = PBXFileReference; lastKnownFileType = sourcecode.swift; path = AppCoordinator.swift; sourceTree = "<group>"; };
		A3CE62552BD5527200726A56 /* DependenciesContainer.swift */ = {isa = PBXFileReference; lastKnownFileType = sourcecode.swift; path = DependenciesContainer.swift; sourceTree = "<group>"; };
		A3CE62582BD5876300726A56 /* HomeViewController.swift */ = {isa = PBXFileReference; lastKnownFileType = sourcecode.swift; path = HomeViewController.swift; sourceTree = "<group>"; };
		A3CE625A2BD5877500726A56 /* HomeViewModel.swift */ = {isa = PBXFileReference; lastKnownFileType = sourcecode.swift; path = HomeViewModel.swift; sourceTree = "<group>"; };
		A3CE625C2BD5878300726A56 /* HomeView.swift */ = {isa = PBXFileReference; lastKnownFileType = sourcecode.swift; path = HomeView.swift; sourceTree = "<group>"; };
		A3CE625E2BD59E2200726A56 /* HomeViewCoordinator.swift */ = {isa = PBXFileReference; lastKnownFileType = sourcecode.swift; path = HomeViewCoordinator.swift; sourceTree = "<group>"; };
		A3CE62602BD59E9100726A56 /* HomeViewModelType.swift */ = {isa = PBXFileReference; lastKnownFileType = sourcecode.swift; path = HomeViewModelType.swift; sourceTree = "<group>"; };
		A3CE62632BD5AF6500726A56 /* HomeViewRepositoryType.swift */ = {isa = PBXFileReference; lastKnownFileType = sourcecode.swift; path = HomeViewRepositoryType.swift; sourceTree = "<group>"; };
		A3CE62682BD5B21D00726A56 /* HomeViewUseCase.swift */ = {isa = PBXFileReference; lastKnownFileType = sourcecode.swift; path = HomeViewUseCase.swift; sourceTree = "<group>"; };
		A3CE626B2BD5B7D700726A56 /* HomeViewRepository.swift */ = {isa = PBXFileReference; lastKnownFileType = sourcecode.swift; path = HomeViewRepository.swift; sourceTree = "<group>"; };
/* End PBXFileReference section */

/* Begin PBXFrameworksBuildPhase section */
		A3CE62152BD5365600726A56 /* Frameworks */ = {
			isa = PBXFrameworksBuildPhase;
			buildActionMask = 2147483647;
			files = (
			);
			runOnlyForDeploymentPostprocessing = 0;
		};
		A3CE622B2BD5365900726A56 /* Frameworks */ = {
			isa = PBXFrameworksBuildPhase;
			buildActionMask = 2147483647;
			files = (
			);
			runOnlyForDeploymentPostprocessing = 0;
		};
		A3CE62352BD5365900726A56 /* Frameworks */ = {
			isa = PBXFrameworksBuildPhase;
			buildActionMask = 2147483647;
			files = (
			);
			runOnlyForDeploymentPostprocessing = 0;
		};
/* End PBXFrameworksBuildPhase section */

/* Begin PBXGroup section */
		A3CE620F2BD5365600726A56 = {
			isa = PBXGroup;
			children = (
				A3CE621A2BD5365600726A56 /* CleanArchitecture */,
				A3CE62312BD5365900726A56 /* CleanArchitectureTests */,
				A3CE623B2BD5365900726A56 /* CleanArchitectureUITests */,
				A3CE62192BD5365600726A56 /* Products */,
			);
			sourceTree = "<group>";
		};
		A3CE62192BD5365600726A56 /* Products */ = {
			isa = PBXGroup;
			children = (
				A3CE62182BD5365600726A56 /* CleanArchitecture.app */,
				A3CE622E2BD5365900726A56 /* CleanArchitectureTests.xctest */,
				A3CE62382BD5365900726A56 /* CleanArchitectureUITests.xctest */,
			);
			name = Products;
			sourceTree = "<group>";
		};
		A3CE621A2BD5365600726A56 /* CleanArchitecture */ = {
			isa = PBXGroup;
			children = (
				A3CE624B2BD5462300726A56 /* Application */,
				A3CE624C2BD5462A00726A56 /* Entity */,
				A3CE624D2BD5463500726A56 /* Presenters */,
				A3CE62652BD5AFF800726A56 /* Domain */,
				A3CE624E2BD5464600726A56 /* Data */,
				A3CE62242BD5365800726A56 /* Assets.xcassets */,
				A3CE62262BD5365800726A56 /* LaunchScreen.storyboard */,
				A3CE62292BD5365800726A56 /* Info.plist */,
			);
			path = CleanArchitecture;
			sourceTree = "<group>";
		};
		A3CE62312BD5365900726A56 /* CleanArchitectureTests */ = {
			isa = PBXGroup;
			children = (
				A3CE62322BD5365900726A56 /* CleanArchitectureTests.swift */,
			);
			path = CleanArchitectureTests;
			sourceTree = "<group>";
		};
		A3CE623B2BD5365900726A56 /* CleanArchitectureUITests */ = {
			isa = PBXGroup;
			children = (
				A3CE623C2BD5365900726A56 /* CleanArchitectureUITests.swift */,
				A3CE623E2BD5365900726A56 /* CleanArchitectureUITestsLaunchTests.swift */,
			);
			path = CleanArchitectureUITests;
			sourceTree = "<group>";
		};
		A3CE624B2BD5462300726A56 /* Application */ = {
			isa = PBXGroup;
			children = (
				A3CE621B2BD5365600726A56 /* AppDelegate.swift */,
				A3CE621D2BD5365600726A56 /* SceneDelegate.swift */,
				A3CE624F2BD5518500726A56 /* Coordinator */,
				A3CE62542BD5525500726A56 /* DependenciesContainer */,
			);
			path = Application;
			sourceTree = "<group>";
		};
		A3CE624C2BD5462A00726A56 /* Entity */ = {
			isa = PBXGroup;
			children = (
			);
			path = Entity;
			sourceTree = "<group>";
		};
		A3CE624D2BD5463500726A56 /* Presenters */ = {
			isa = PBXGroup;
			children = (
				A3CE62572BD5875500726A56 /* Home */,
			);
			path = Presenters;
			sourceTree = "<group>";
		};
		A3CE624E2BD5464600726A56 /* Data */ = {
			isa = PBXGroup;
			children = (
				A3CE626A2BD5B7BD00726A56 /* Repositories */,
			);
			path = Data;
			sourceTree = "<group>";
		};
		A3CE624F2BD5518500726A56 /* Coordinator */ = {
			isa = PBXGroup;
			children = (
				A3CE62502BD5519A00726A56 /* Coordinator.swift */,
				A3CE62522BD551B900726A56 /* AppCoordinator.swift */,
			);
			path = Coordinator;
			sourceTree = "<group>";
		};
		A3CE62542BD5525500726A56 /* DependenciesContainer */ = {
			isa = PBXGroup;
			children = (
				A3CE62552BD5527200726A56 /* DependenciesContainer.swift */,
			);
			path = DependenciesContainer;
			sourceTree = "<group>";
		};
		A3CE62572BD5875500726A56 /* Home */ = {
			isa = PBXGroup;
			children = (
				A3CE62582BD5876300726A56 /* HomeViewController.swift */,
				A3CE625A2BD5877500726A56 /* HomeViewModel.swift */,
				A3CE62602BD59E9100726A56 /* HomeViewModelType.swift */,
				A3CE625C2BD5878300726A56 /* HomeView.swift */,
				A3CE625E2BD59E2200726A56 /* HomeViewCoordinator.swift */,
			);
			path = Home;
			sourceTree = "<group>";
		};
		A3CE62622BD5AEAC00726A56 /* RepositoryInterfaces */ = {
			isa = PBXGroup;
			children = (
				A3CE62632BD5AF6500726A56 /* HomeViewRepositoryType.swift */,
			);
			path = RepositoryInterfaces;
			sourceTree = "<group>";
		};
		A3CE62652BD5AFF800726A56 /* Domain */ = {
			isa = PBXGroup;
			children = (
				A3CE62672BD5B15600726A56 /* Entities */,
				A3CE62662BD5B14E00726A56 /* UseCases */,
				A3CE62622BD5AEAC00726A56 /* RepositoryInterfaces */,
			);
			path = Domain;
			sourceTree = "<group>";
		};
		A3CE62662BD5B14E00726A56 /* UseCases */ = {
			isa = PBXGroup;
			children = (
				A3CE62682BD5B21D00726A56 /* HomeViewUseCase.swift */,
			);
			path = UseCases;
			sourceTree = "<group>";
		};
		A3CE62672BD5B15600726A56 /* Entities */ = {
			isa = PBXGroup;
			children = (
			);
			path = Entities;
			sourceTree = "<group>";
		};
		A3CE626A2BD5B7BD00726A56 /* Repositories */ = {
			isa = PBXGroup;
			children = (
				A3CE626B2BD5B7D700726A56 /* HomeViewRepository.swift */,
			);
			path = Repositories;
			sourceTree = "<group>";
		};
/* End PBXGroup section */

/* Begin PBXNativeTarget section */
		A3CE62172BD5365600726A56 /* CleanArchitecture */ = {
			isa = PBXNativeTarget;
			buildConfigurationList = A3CE62422BD5365900726A56 /* Build configuration list for PBXNativeTarget "CleanArchitecture" */;
			buildPhases = (
				A3CE62142BD5365600726A56 /* Sources */,
				A3CE62152BD5365600726A56 /* Frameworks */,
				A3CE62162BD5365600726A56 /* Resources */,
			);
			buildRules = (
			);
			dependencies = (
			);
			name = CleanArchitecture;
			productName = CleanArchitecture;
			productReference = A3CE62182BD5365600726A56 /* CleanArchitecture.app */;
			productType = "com.apple.product-type.application";
		};
		A3CE622D2BD5365900726A56 /* CleanArchitectureTests */ = {
			isa = PBXNativeTarget;
			buildConfigurationList = A3CE62452BD5365900726A56 /* Build configuration list for PBXNativeTarget "CleanArchitectureTests" */;
			buildPhases = (
				A3CE622A2BD5365900726A56 /* Sources */,
				A3CE622B2BD5365900726A56 /* Frameworks */,
				A3CE622C2BD5365900726A56 /* Resources */,
			);
			buildRules = (
			);
			dependencies = (
				A3CE62302BD5365900726A56 /* PBXTargetDependency */,
			);
			name = CleanArchitectureTests;
			productName = CleanArchitectureTests;
			productReference = A3CE622E2BD5365900726A56 /* CleanArchitectureTests.xctest */;
			productType = "com.apple.product-type.bundle.unit-test";
		};
		A3CE62372BD5365900726A56 /* CleanArchitectureUITests */ = {
			isa = PBXNativeTarget;
			buildConfigurationList = A3CE62482BD5365900726A56 /* Build configuration list for PBXNativeTarget "CleanArchitectureUITests" */;
			buildPhases = (
				A3CE62342BD5365900726A56 /* Sources */,
				A3CE62352BD5365900726A56 /* Frameworks */,
				A3CE62362BD5365900726A56 /* Resources */,
			);
			buildRules = (
			);
			dependencies = (
				A3CE623A2BD5365900726A56 /* PBXTargetDependency */,
			);
			name = CleanArchitectureUITests;
			productName = CleanArchitectureUITests;
			productReference = A3CE62382BD5365900726A56 /* CleanArchitectureUITests.xctest */;
			productType = "com.apple.product-type.bundle.ui-testing";
		};
/* End PBXNativeTarget section */

/* Begin PBXProject section */
		A3CE62102BD5365600726A56 /* Project object */ = {
			isa = PBXProject;
			attributes = {
				BuildIndependentTargetsInParallel = 1;
				LastSwiftUpdateCheck = 1430;
				LastUpgradeCheck = 1430;
				TargetAttributes = {
					A3CE62172BD5365600726A56 = {
						CreatedOnToolsVersion = 14.3;
					};
					A3CE622D2BD5365900726A56 = {
						CreatedOnToolsVersion = 14.3;
						TestTargetID = A3CE62172BD5365600726A56;
					};
					A3CE62372BD5365900726A56 = {
						CreatedOnToolsVersion = 14.3;
						TestTargetID = A3CE62172BD5365600726A56;
					};
				};
			};
			buildConfigurationList = A3CE62132BD5365600726A56 /* Build configuration list for PBXProject "CleanArchitecture" */;
			compatibilityVersion = "Xcode 14.0";
			developmentRegion = en;
			hasScannedForEncodings = 0;
			knownRegions = (
				en,
				Base,
			);
			mainGroup = A3CE620F2BD5365600726A56;
			productRefGroup = A3CE62192BD5365600726A56 /* Products */;
			projectDirPath = "";
			projectRoot = "";
			targets = (
				A3CE62172BD5365600726A56 /* CleanArchitecture */,
				A3CE622D2BD5365900726A56 /* CleanArchitectureTests */,
				A3CE62372BD5365900726A56 /* CleanArchitectureUITests */,
			);
		};
/* End PBXProject section */

/* Begin PBXResourcesBuildPhase section */
		A3CE62162BD5365600726A56 /* Resources */ = {
			isa = PBXResourcesBuildPhase;
			buildActionMask = 2147483647;
			files = (
				A3CE62282BD5365800726A56 /* LaunchScreen.storyboard in Resources */,
				A3CE62252BD5365800726A56 /* Assets.xcassets in Resources */,
			);
			runOnlyForDeploymentPostprocessing = 0;
		};
		A3CE622C2BD5365900726A56 /* Resources */ = {
			isa = PBXResourcesBuildPhase;
			buildActionMask = 2147483647;
			files = (
			);
			runOnlyForDeploymentPostprocessing = 0;
		};
		A3CE62362BD5365900726A56 /* Resources */ = {
			isa = PBXResourcesBuildPhase;
			buildActionMask = 2147483647;
			files = (
			);
			runOnlyForDeploymentPostprocessing = 0;
		};
/* End PBXResourcesBuildPhase section */

/* Begin PBXSourcesBuildPhase section */
		A3CE62142BD5365600726A56 /* Sources */ = {
			isa = PBXSourcesBuildPhase;
			buildActionMask = 2147483647;
			files = (
				A3CE625F2BD59E2200726A56 /* HomeViewCoordinator.swift in Sources */,
				A3CE62692BD5B21D00726A56 /* HomeViewUseCase.swift in Sources */,
				A3CE625D2BD5878300726A56 /* HomeView.swift in Sources */,
				A3CE62512BD5519A00726A56 /* Coordinator.swift in Sources */,
				A3CE62532BD551B900726A56 /* AppCoordinator.swift in Sources */,
				A3CE626C2BD5B7D700726A56 /* HomeViewRepository.swift in Sources */,
				A3CE625B2BD5877500726A56 /* HomeViewModel.swift in Sources */,
				A3CE621C2BD5365600726A56 /* AppDelegate.swift in Sources */,
				A3CE62612BD59E9100726A56 /* HomeViewModelType.swift in Sources */,
				A3CE62562BD5527200726A56 /* DependenciesContainer.swift in Sources */,
				A3CE62592BD5876300726A56 /* HomeViewController.swift in Sources */,
				A3CE62642BD5AF6500726A56 /* HomeViewRepositoryType.swift in Sources */,
				A3CE621E2BD5365600726A56 /* SceneDelegate.swift in Sources */,
			);
			runOnlyForDeploymentPostprocessing = 0;
		};
		A3CE622A2BD5365900726A56 /* Sources */ = {
			isa = PBXSourcesBuildPhase;
			buildActionMask = 2147483647;
			files = (
				A3CE62332BD5365900726A56 /* CleanArchitectureTests.swift in Sources */,
			);
			runOnlyForDeploymentPostprocessing = 0;
		};
		A3CE62342BD5365900726A56 /* Sources */ = {
			isa = PBXSourcesBuildPhase;
			buildActionMask = 2147483647;
			files = (
				A3CE623D2BD5365900726A56 /* CleanArchitectureUITests.swift in Sources */,
				A3CE623F2BD5365900726A56 /* CleanArchitectureUITestsLaunchTests.swift in Sources */,
			);
			runOnlyForDeploymentPostprocessing = 0;
		};
/* End PBXSourcesBuildPhase section */

/* Begin PBXTargetDependency section */
		A3CE62302BD5365900726A56 /* PBXTargetDependency */ = {
			isa = PBXTargetDependency;
			target = A3CE62172BD5365600726A56 /* CleanArchitecture */;
			targetProxy = A3CE622F2BD5365900726A56 /* PBXContainerItemProxy */;
		};
		A3CE623A2BD5365900726A56 /* PBXTargetDependency */ = {
			isa = PBXTargetDependency;
			target = A3CE62172BD5365600726A56 /* CleanArchitecture */;
			targetProxy = A3CE62392BD5365900726A56 /* PBXContainerItemProxy */;
		};
/* End PBXTargetDependency section */

/* Begin PBXVariantGroup section */
		A3CE62262BD5365800726A56 /* LaunchScreen.storyboard */ = {
			isa = PBXVariantGroup;
			children = (
				A3CE62272BD5365800726A56 /* Base */,
			);
			name = LaunchScreen.storyboard;
			sourceTree = "<group>";
		};
/* End PBXVariantGroup section */

/* Begin XCBuildConfiguration section */
		A3CE62402BD5365900726A56 /* Debug */ = {
			isa = XCBuildConfiguration;
			buildSettings = {
				ALWAYS_SEARCH_USER_PATHS = NO;
				CLANG_ANALYZER_NONNULL = YES;
				CLANG_ANALYZER_NUMBER_OBJECT_CONVERSION = YES_AGGRESSIVE;
				CLANG_CXX_LANGUAGE_STANDARD = "gnu++20";
				CLANG_ENABLE_MODULES = YES;
				CLANG_ENABLE_OBJC_ARC = YES;
				CLANG_ENABLE_OBJC_WEAK = YES;
				CLANG_WARN_BLOCK_CAPTURE_AUTORELEASING = YES;
				CLANG_WARN_BOOL_CONVERSION = YES;
				CLANG_WARN_COMMA = YES;
				CLANG_WARN_CONSTANT_CONVERSION = YES;
				CLANG_WARN_DEPRECATED_OBJC_IMPLEMENTATIONS = YES;
				CLANG_WARN_DIRECT_OBJC_ISA_USAGE = YES_ERROR;
				CLANG_WARN_DOCUMENTATION_COMMENTS = YES;
				CLANG_WARN_EMPTY_BODY = YES;
				CLANG_WARN_ENUM_CONVERSION = YES;
				CLANG_WARN_INFINITE_RECURSION = YES;
				CLANG_WARN_INT_CONVERSION = YES;
				CLANG_WARN_NON_LITERAL_NULL_CONVERSION = YES;
				CLANG_WARN_OBJC_IMPLICIT_RETAIN_SELF = YES;
				CLANG_WARN_OBJC_LITERAL_CONVERSION = YES;
				CLANG_WARN_OBJC_ROOT_CLASS = YES_ERROR;
				CLANG_WARN_QUOTED_INCLUDE_IN_FRAMEWORK_HEADER = YES;
				CLANG_WARN_RANGE_LOOP_ANALYSIS = YES;
				CLANG_WARN_STRICT_PROTOTYPES = YES;
				CLANG_WARN_SUSPICIOUS_MOVE = YES;
				CLANG_WARN_UNGUARDED_AVAILABILITY = YES_AGGRESSIVE;
				CLANG_WARN_UNREACHABLE_CODE = YES;
				CLANG_WARN__DUPLICATE_METHOD_MATCH = YES;
				COPY_PHASE_STRIP = NO;
				DEBUG_INFORMATION_FORMAT = dwarf;
				ENABLE_STRICT_OBJC_MSGSEND = YES;
				ENABLE_TESTABILITY = YES;
				GCC_C_LANGUAGE_STANDARD = gnu11;
				GCC_DYNAMIC_NO_PIC = NO;
				GCC_NO_COMMON_BLOCKS = YES;
				GCC_OPTIMIZATION_LEVEL = 0;
				GCC_PREPROCESSOR_DEFINITIONS = (
					"DEBUG=1",
					"$(inherited)",
				);
				GCC_WARN_64_TO_32_BIT_CONVERSION = YES;
				GCC_WARN_ABOUT_RETURN_TYPE = YES_ERROR;
				GCC_WARN_UNDECLARED_SELECTOR = YES;
				GCC_WARN_UNINITIALIZED_AUTOS = YES_AGGRESSIVE;
				GCC_WARN_UNUSED_FUNCTION = YES;
				GCC_WARN_UNUSED_VARIABLE = YES;
				IPHONEOS_DEPLOYMENT_TARGET = 15.0;
				MTL_ENABLE_DEBUG_INFO = INCLUDE_SOURCE;
				MTL_FAST_MATH = YES;
				ONLY_ACTIVE_ARCH = YES;
				SDKROOT = iphoneos;
				SWIFT_ACTIVE_COMPILATION_CONDITIONS = DEBUG;
				SWIFT_OPTIMIZATION_LEVEL = "-Onone";
			};
			name = Debug;
		};
		A3CE62412BD5365900726A56 /* Release */ = {
			isa = XCBuildConfiguration;
			buildSettings = {
				ALWAYS_SEARCH_USER_PATHS = NO;
				CLANG_ANALYZER_NONNULL = YES;
				CLANG_ANALYZER_NUMBER_OBJECT_CONVERSION = YES_AGGRESSIVE;
				CLANG_CXX_LANGUAGE_STANDARD = "gnu++20";
				CLANG_ENABLE_MODULES = YES;
				CLANG_ENABLE_OBJC_ARC = YES;
				CLANG_ENABLE_OBJC_WEAK = YES;
				CLANG_WARN_BLOCK_CAPTURE_AUTORELEASING = YES;
				CLANG_WARN_BOOL_CONVERSION = YES;
				CLANG_WARN_COMMA = YES;
				CLANG_WARN_CONSTANT_CONVERSION = YES;
				CLANG_WARN_DEPRECATED_OBJC_IMPLEMENTATIONS = YES;
				CLANG_WARN_DIRECT_OBJC_ISA_USAGE = YES_ERROR;
				CLANG_WARN_DOCUMENTATION_COMMENTS = YES;
				CLANG_WARN_EMPTY_BODY = YES;
				CLANG_WARN_ENUM_CONVERSION = YES;
				CLANG_WARN_INFINITE_RECURSION = YES;
				CLANG_WARN_INT_CONVERSION = YES;
				CLANG_WARN_NON_LITERAL_NULL_CONVERSION = YES;
				CLANG_WARN_OBJC_IMPLICIT_RETAIN_SELF = YES;
				CLANG_WARN_OBJC_LITERAL_CONVERSION = YES;
				CLANG_WARN_OBJC_ROOT_CLASS = YES_ERROR;
				CLANG_WARN_QUOTED_INCLUDE_IN_FRAMEWORK_HEADER = YES;
				CLANG_WARN_RANGE_LOOP_ANALYSIS = YES;
				CLANG_WARN_STRICT_PROTOTYPES = YES;
				CLANG_WARN_SUSPICIOUS_MOVE = YES;
				CLANG_WARN_UNGUARDED_AVAILABILITY = YES_AGGRESSIVE;
				CLANG_WARN_UNREACHABLE_CODE = YES;
				CLANG_WARN__DUPLICATE_METHOD_MATCH = YES;
				COPY_PHASE_STRIP = NO;
				DEBUG_INFORMATION_FORMAT = "dwarf-with-dsym";
				ENABLE_NS_ASSERTIONS = NO;
				ENABLE_STRICT_OBJC_MSGSEND = YES;
				GCC_C_LANGUAGE_STANDARD = gnu11;
				GCC_NO_COMMON_BLOCKS = YES;
				GCC_WARN_64_TO_32_BIT_CONVERSION = YES;
				GCC_WARN_ABOUT_RETURN_TYPE = YES_ERROR;
				GCC_WARN_UNDECLARED_SELECTOR = YES;
				GCC_WARN_UNINITIALIZED_AUTOS = YES_AGGRESSIVE;
				GCC_WARN_UNUSED_FUNCTION = YES;
				GCC_WARN_UNUSED_VARIABLE = YES;
				IPHONEOS_DEPLOYMENT_TARGET = 15.0;
				MTL_ENABLE_DEBUG_INFO = NO;
				MTL_FAST_MATH = YES;
				SDKROOT = iphoneos;
				SWIFT_COMPILATION_MODE = wholemodule;
				SWIFT_OPTIMIZATION_LEVEL = "-O";
				VALIDATE_PRODUCT = YES;
			};
			name = Release;
		};
		A3CE62432BD5365900726A56 /* Debug */ = {
			isa = XCBuildConfiguration;
			buildSettings = {
				ASSETCATALOG_COMPILER_APPICON_NAME = AppIcon;
				ASSETCATALOG_COMPILER_GLOBAL_ACCENT_COLOR_NAME = AccentColor;
				CODE_SIGN_STYLE = Automatic;
				CURRENT_PROJECT_VERSION = 1;
				DEVELOPMENT_TEAM = 5G798LHLX6;
				GENERATE_INFOPLIST_FILE = YES;
				INFOPLIST_FILE = CleanArchitecture/Info.plist;
				INFOPLIST_KEY_UIApplicationSupportsIndirectInputEvents = YES;
				INFOPLIST_KEY_UILaunchStoryboardName = LaunchScreen;
				INFOPLIST_KEY_UIMainStoryboardFile = "";
				INFOPLIST_KEY_UISupportedInterfaceOrientations_iPad = "UIInterfaceOrientationPortrait UIInterfaceOrientationPortraitUpsideDown UIInterfaceOrientationLandscapeLeft UIInterfaceOrientationLandscapeRight";
				INFOPLIST_KEY_UISupportedInterfaceOrientations_iPhone = "UIInterfaceOrientationPortrait UIInterfaceOrientationLandscapeLeft UIInterfaceOrientationLandscapeRight";
				IPHONEOS_DEPLOYMENT_TARGET = 15.0;
				LD_RUNPATH_SEARCH_PATHS = (
					"$(inherited)",
					"@executable_path/Frameworks",
				);
				MARKETING_VERSION = 1.0;
				PRODUCT_BUNDLE_IDENTIFIER = myunghoonso.CleanArchitecture;
				PRODUCT_NAME = "$(TARGET_NAME)";
				SWIFT_EMIT_LOC_STRINGS = YES;
				SWIFT_VERSION = 5.0;
				TARGETED_DEVICE_FAMILY = "1,2";
			};
			name = Debug;
		};
		A3CE62442BD5365900726A56 /* Release */ = {
			isa = XCBuildConfiguration;
			buildSettings = {
				ASSETCATALOG_COMPILER_APPICON_NAME = AppIcon;
				ASSETCATALOG_COMPILER_GLOBAL_ACCENT_COLOR_NAME = AccentColor;
				CODE_SIGN_STYLE = Automatic;
				CURRENT_PROJECT_VERSION = 1;
				DEVELOPMENT_TEAM = 5G798LHLX6;
				GENERATE_INFOPLIST_FILE = YES;
				INFOPLIST_FILE = CleanArchitecture/Info.plist;
				INFOPLIST_KEY_UIApplicationSupportsIndirectInputEvents = YES;
				INFOPLIST_KEY_UILaunchStoryboardName = LaunchScreen;
				INFOPLIST_KEY_UIMainStoryboardFile = "";
				INFOPLIST_KEY_UISupportedInterfaceOrientations_iPad = "UIInterfaceOrientationPortrait UIInterfaceOrientationPortraitUpsideDown UIInterfaceOrientationLandscapeLeft UIInterfaceOrientationLandscapeRight";
				INFOPLIST_KEY_UISupportedInterfaceOrientations_iPhone = "UIInterfaceOrientationPortrait UIInterfaceOrientationLandscapeLeft UIInterfaceOrientationLandscapeRight";
				IPHONEOS_DEPLOYMENT_TARGET = 15.0;
				LD_RUNPATH_SEARCH_PATHS = (
					"$(inherited)",
					"@executable_path/Frameworks",
				);
				MARKETING_VERSION = 1.0;
				PRODUCT_BUNDLE_IDENTIFIER = myunghoonso.CleanArchitecture;
				PRODUCT_NAME = "$(TARGET_NAME)";
				SWIFT_EMIT_LOC_STRINGS = YES;
				SWIFT_VERSION = 5.0;
				TARGETED_DEVICE_FAMILY = "1,2";
			};
			name = Release;
		};
		A3CE62462BD5365900726A56 /* Debug */ = {
			isa = XCBuildConfiguration;
			buildSettings = {
				ALWAYS_EMBED_SWIFT_STANDARD_LIBRARIES = YES;
				BUNDLE_LOADER = "$(TEST_HOST)";
				CODE_SIGN_STYLE = Automatic;
				CURRENT_PROJECT_VERSION = 1;
				DEVELOPMENT_TEAM = 6F36WQVB42;
				GENERATE_INFOPLIST_FILE = YES;
				IPHONEOS_DEPLOYMENT_TARGET = 16.4;
				MARKETING_VERSION = 1.0;
				PRODUCT_BUNDLE_IDENTIFIER = myunghoonso.CleanArchitectureTests;
				PRODUCT_NAME = "$(TARGET_NAME)";
				SWIFT_EMIT_LOC_STRINGS = NO;
				SWIFT_VERSION = 5.0;
				TARGETED_DEVICE_FAMILY = "1,2";
				TEST_HOST = "$(BUILT_PRODUCTS_DIR)/CleanArchitecture.app/$(BUNDLE_EXECUTABLE_FOLDER_PATH)/CleanArchitecture";
			};
			name = Debug;
		};
		A3CE62472BD5365900726A56 /* Release */ = {
			isa = XCBuildConfiguration;
			buildSettings = {
				ALWAYS_EMBED_SWIFT_STANDARD_LIBRARIES = YES;
				BUNDLE_LOADER = "$(TEST_HOST)";
				CODE_SIGN_STYLE = Automatic;
				CURRENT_PROJECT_VERSION = 1;
				DEVELOPMENT_TEAM = 6F36WQVB42;
				GENERATE_INFOPLIST_FILE = YES;
				IPHONEOS_DEPLOYMENT_TARGET = 16.4;
				MARKETING_VERSION = 1.0;
				PRODUCT_BUNDLE_IDENTIFIER = myunghoonso.CleanArchitectureTests;
				PRODUCT_NAME = "$(TARGET_NAME)";
				SWIFT_EMIT_LOC_STRINGS = NO;
				SWIFT_VERSION = 5.0;
				TARGETED_DEVICE_FAMILY = "1,2";
				TEST_HOST = "$(BUILT_PRODUCTS_DIR)/CleanArchitecture.app/$(BUNDLE_EXECUTABLE_FOLDER_PATH)/CleanArchitecture";
			};
			name = Release;
		};
		A3CE62492BD5365900726A56 /* Debug */ = {
			isa = XCBuildConfiguration;
			buildSettings = {
				ALWAYS_EMBED_SWIFT_STANDARD_LIBRARIES = YES;
				CODE_SIGN_STYLE = Automatic;
				CURRENT_PROJECT_VERSION = 1;
				DEVELOPMENT_TEAM = 6F36WQVB42;
				GENERATE_INFOPLIST_FILE = YES;
				MARKETING_VERSION = 1.0;
				PRODUCT_BUNDLE_IDENTIFIER = myunghoonso.CleanArchitectureUITests;
				PRODUCT_NAME = "$(TARGET_NAME)";
				SWIFT_EMIT_LOC_STRINGS = NO;
				SWIFT_VERSION = 5.0;
				TARGETED_DEVICE_FAMILY = "1,2";
				TEST_TARGET_NAME = CleanArchitecture;
			};
			name = Debug;
		};
		A3CE624A2BD5365900726A56 /* Release */ = {
			isa = XCBuildConfiguration;
			buildSettings = {
				ALWAYS_EMBED_SWIFT_STANDARD_LIBRARIES = YES;
				CODE_SIGN_STYLE = Automatic;
				CURRENT_PROJECT_VERSION = 1;
				DEVELOPMENT_TEAM = 6F36WQVB42;
				GENERATE_INFOPLIST_FILE = YES;
				MARKETING_VERSION = 1.0;
				PRODUCT_BUNDLE_IDENTIFIER = myunghoonso.CleanArchitectureUITests;
				PRODUCT_NAME = "$(TARGET_NAME)";
				SWIFT_EMIT_LOC_STRINGS = NO;
				SWIFT_VERSION = 5.0;
				TARGETED_DEVICE_FAMILY = "1,2";
				TEST_TARGET_NAME = CleanArchitecture;
			};
			name = Release;
		};
/* End XCBuildConfiguration section */

/* Begin XCConfigurationList section */
		A3CE62132BD5365600726A56 /* Build configuration list for PBXProject "CleanArchitecture" */ = {
			isa = XCConfigurationList;
			buildConfigurations = (
				A3CE62402BD5365900726A56 /* Debug */,
				A3CE62412BD5365900726A56 /* Release */,
			);
			defaultConfigurationIsVisible = 0;
			defaultConfigurationName = Release;
		};
		A3CE62422BD5365900726A56 /* Build configuration list for PBXNativeTarget "CleanArchitecture" */ = {
			isa = XCConfigurationList;
			buildConfigurations = (
				A3CE62432BD5365900726A56 /* Debug */,
				A3CE62442BD5365900726A56 /* Release */,
			);
			defaultConfigurationIsVisible = 0;
			defaultConfigurationName = Release;
		};
		A3CE62452BD5365900726A56 /* Build configuration list for PBXNativeTarget "CleanArchitectureTests" */ = {
			isa = XCConfigurationList;
			buildConfigurations = (
				A3CE62462BD5365900726A56 /* Debug */,
				A3CE62472BD5365900726A56 /* Release */,
			);
			defaultConfigurationIsVisible = 0;
			defaultConfigurationName = Release;
		};
		A3CE62482BD5365900726A56 /* Build configuration list for PBXNativeTarget "CleanArchitectureUITests" */ = {
			isa = XCConfigurationList;
			buildConfigurations = (
				A3CE62492BD5365900726A56 /* Debug */,
				A3CE624A2BD5365900726A56 /* Release */,
			);
			defaultConfigurationIsVisible = 0;
			defaultConfigurationName = Release;
		};
/* End XCConfigurationList section */
	};
	rootObject = A3CE62102BD5365600726A56 /* Project object */;
}
